// !$*UTF8*$!
{
	archiveVersion = 1;
	classes = {
	};
	objectVersion = 56;
	objects = {

/* Begin PBXBuildFile section */
		4390DB742E2E87A50087565B /* ContentView.swift in Sources */ = {isa = PBXBuildFile; fileRef = 4390DB732E2E87A50087565B /* ContentView.swift */; };
		4390DB762E2E87A70087565B /* Assets.xcassets in Resources */ = {isa = PBXBuildFile; fileRef = 4390DB752E2E87A70087565B /* Assets.xcassets */; };
		4390DB792E2E87A70087565B /* Preview Assets.xcassets in Resources */ = {isa = PBXBuildFile; fileRef = 4390DB782E2E87A70087565B /* Preview Assets.xcassets */; };
		4390DB832E2E87A70087565B /* DID_BTCTests.swift in Sources */ = {isa = PBXBuildFile; fileRef = 4390DB822E2E87A70087565B /* DID_BTCTests.swift */; };
		4390DB8D2E2E87A70087565B /* DID_BTCUITests.swift in Sources */ = {isa = PBXBuildFile; fileRef = 4390DB8C2E2E87A70087565B /* DID_BTCUITests.swift */; };
		4390DB8F2E2E87A70087565B /* DID_BTCUITestsLaunchTests.swift in Sources */ = {isa = PBXBuildFile; fileRef = 4390DB8E2E2E87A70087565B /* DID_BTCUITestsLaunchTests.swift */; };
		4390DBA02E2E89530087565B /* DID_Wallet_Manager.swift in Sources */ = {isa = PBXBuildFile; fileRef = 4390DB9F2E2E89520087565B /* DID_Wallet_Manager.swift */; };
		43E562322E3938AE00011BAC /* libstwo_dlc_bridge.a in Frameworks */ = {isa = PBXBuildFile; fileRef = 43E562312E3938AE00011BAC /* libstwo_dlc_bridge.a */; settings = {ATTRIBUTES = (Required, ); }; };
		43E562342E3938EC00011BAC /* stwo_dlc_bridge.h in Frameworks */ = {isa = PBXBuildFile; fileRef = 43E562332E3938EC00011BAC /* stwo_dlc_bridge.h */; };
		43FF17E42E3BDBEE005FA7BA /* P256K in Frameworks */ = {isa = PBXBuildFile; productRef = 43FF17E32E3BDBEE005FA7BA /* P256K */; };
/* End PBXBuildFile section */

/* Begin PBXContainerItemProxy section */
		4390DB7F2E2E87A70087565B /* PBXContainerItemProxy */ = {
			isa = PBXContainerItemProxy;
			containerPortal = 4390DB662E2E87A50087565B /* Project object */;
			proxyType = 1;
			remoteGlobalIDString = 4390DB6D2E2E87A50087565B;
			remoteInfo = DID_BTC;
		};
		4390DB892E2E87A70087565B /* PBXContainerItemProxy */ = {
			isa = PBXContainerItemProxy;
			containerPortal = 4390DB662E2E87A50087565B /* Project object */;
			proxyType = 1;
			remoteGlobalIDString = 4390DB6D2E2E87A50087565B;
			remoteInfo = DID_BTC;
		};
/* End PBXContainerItemProxy section */

/* Begin PBXFileReference section */
		432A15532E392DBD007BC117 /* DID_BTC-Bridging-Header.h */ = {isa = PBXFileReference; lastKnownFileType = sourcecode.c.h; path = "DID_BTC-Bridging-Header.h"; sourceTree = "<group>"; };
		4390DB6E2E2E87A50087565B /* DID_BTC.app */ = {isa = PBXFileReference; explicitFileType = wrapper.application; includeInIndex = 0; path = DID_BTC.app; sourceTree = BUILT_PRODUCTS_DIR; };
		4390DB732E2E87A50087565B /* ContentView.swift */ = {isa = PBXFileReference; lastKnownFileType = sourcecode.swift; path = ContentView.swift; sourceTree = "<group>"; };
		4390DB752E2E87A70087565B /* Assets.xcassets */ = {isa = PBXFileReference; lastKnownFileType = folder.assetcatalog; path = Assets.xcassets; sourceTree = "<group>"; };
		4390DB782E2E87A70087565B /* Preview Assets.xcassets */ = {isa = PBXFileReference; lastKnownFileType = folder.assetcatalog; path = "Preview Assets.xcassets"; sourceTree = "<group>"; };
		4390DB7E2E2E87A70087565B /* DID_BTCTests.xctest */ = {isa = PBXFileReference; explicitFileType = wrapper.cfbundle; includeInIndex = 0; path = DID_BTCTests.xctest; sourceTree = BUILT_PRODUCTS_DIR; };
		4390DB822E2E87A70087565B /* DID_BTCTests.swift */ = {isa = PBXFileReference; lastKnownFileType = sourcecode.swift; path = DID_BTCTests.swift; sourceTree = "<group>"; };
		4390DB882E2E87A70087565B /* DID_BTCUITests.xctest */ = {isa = PBXFileReference; explicitFileType = wrapper.cfbundle; includeInIndex = 0; path = DID_BTCUITests.xctest; sourceTree = BUILT_PRODUCTS_DIR; };
		4390DB8C2E2E87A70087565B /* DID_BTCUITests.swift */ = {isa = PBXFileReference; lastKnownFileType = sourcecode.swift; path = DID_BTCUITests.swift; sourceTree = "<group>"; };
		4390DB8E2E2E87A70087565B /* DID_BTCUITestsLaunchTests.swift */ = {isa = PBXFileReference; lastKnownFileType = sourcecode.swift; path = DID_BTCUITestsLaunchTests.swift; sourceTree = "<group>"; };
		4390DB9F2E2E89520087565B /* DID_Wallet_Manager.swift */ = {isa = PBXFileReference; lastKnownFileType = sourcecode.swift; path = DID_Wallet_Manager.swift; sourceTree = "<group>"; };
		43E5622D2E39357400011BAC /* libstwo_dlc_bridge.a */ = {isa = PBXFileReference; lastKnownFileType = archive.ar; path = libstwo_dlc_bridge.a; sourceTree = "<group>"; };
		43E5622E2E39357400011BAC /* stwo_dlc_bridge.h */ = {isa = PBXFileReference; lastKnownFileType = sourcecode.c.h; path = stwo_dlc_bridge.h; sourceTree = "<group>"; };
		43E562312E3938AE00011BAC /* libstwo_dlc_bridge.a */ = {isa = PBXFileReference; lastKnownFileType = archive.ar; name = libstwo_dlc_bridge.a; path = DID_BTC/libstwo_dlc_bridge.a; sourceTree = "<unknown>"; };
		43E562332E3938EC00011BAC /* stwo_dlc_bridge.h */ = {isa = PBXFileReference; lastKnownFileType = sourcecode.c.h; name = stwo_dlc_bridge.h; path = DID_BTC/stwo_dlc_bridge.h; sourceTree = "<unknown>"; };
		43FF17E62E4BB501005FA7BA /* DID_BTC.entitlements */ = {isa = PBXFileReference; lastKnownFileType = text.plist.entitlements; path = DID_BTC.entitlements; sourceTree = "<group>"; };
/* End PBXFileReference section */

/* Begin PBXFrameworksBuildPhase section */
		4390DB6B2E2E87A50087565B /* Frameworks */ = {
			isa = PBXFrameworksBuildPhase;
			buildActionMask = 2147483647;
			files = (
				43FF17E42E3BDBEE005FA7BA /* P256K in Frameworks */,
				43E562342E3938EC00011BAC /* stwo_dlc_bridge.h in Frameworks */,
				43E562322E3938AE00011BAC /* libstwo_dlc_bridge.a in Frameworks */,
			);
			runOnlyForDeploymentPostprocessing = 0;
		};
		4390DB7B2E2E87A70087565B /* Frameworks */ = {
			isa = PBXFrameworksBuildPhase;
			buildActionMask = 2147483647;
			files = (
			);
			runOnlyForDeploymentPostprocessing = 0;
		};
		4390DB852E2E87A70087565B /* Frameworks */ = {
			isa = PBXFrameworksBuildPhase;
			buildActionMask = 2147483647;
			files = (
			);
			runOnlyForDeploymentPostprocessing = 0;
		};
/* End PBXFrameworksBuildPhase section */

/* Begin PBXGroup section */
		4390DB652E2E87A50087565B = {
			isa = PBXGroup;
			children = (
				4390DB702E2E87A50087565B /* DID_BTC */,
				4390DB812E2E87A70087565B /* DID_BTCTests */,
				4390DB8B2E2E87A70087565B /* DID_BTCUITests */,
				43E562302E3938AE00011BAC /* Frameworks */,
				4390DB6F2E2E87A50087565B /* Products */,
			);
			sourceTree = "<group>";
		};
		4390DB6F2E2E87A50087565B /* Products */ = {
			isa = PBXGroup;
			children = (
				4390DB6E2E2E87A50087565B /* DID_BTC.app */,
				4390DB7E2E2E87A70087565B /* DID_BTCTests.xctest */,
				4390DB882E2E87A70087565B /* DID_BTCUITests.xctest */,
			);
			name = Products;
			sourceTree = "<group>";
		};
		4390DB702E2E87A50087565B /* DID_BTC */ = {
			isa = PBXGroup;
			children = (
				43FF17E62E4BB501005FA7BA /* DID_BTC.entitlements */,
				43E5622D2E39357400011BAC /* libstwo_dlc_bridge.a */,
				43E5622E2E39357400011BAC /* stwo_dlc_bridge.h */,
				432A15532E392DBD007BC117 /* DID_BTC-Bridging-Header.h */,
				4390DB732E2E87A50087565B /* ContentView.swift */,
				4390DB9F2E2E89520087565B /* DID_Wallet_Manager.swift */,
				4390DB752E2E87A70087565B /* Assets.xcassets */,
				4390DB772E2E87A70087565B /* Preview Content */,
			);
			path = DID_BTC;
			sourceTree = "<group>";
		};
		4390DB772E2E87A70087565B /* Preview Content */ = {
			isa = PBXGroup;
			children = (
				4390DB782E2E87A70087565B /* Preview Assets.xcassets */,
			);
			path = "Preview Content";
			sourceTree = "<group>";
		};
		4390DB812E2E87A70087565B /* DID_BTCTests */ = {
			isa = PBXGroup;
			children = (
				4390DB822E2E87A70087565B /* DID_BTCTests.swift */,
			);
			path = DID_BTCTests;
			sourceTree = "<group>";
		};
		4390DB8B2E2E87A70087565B /* DID_BTCUITests */ = {
			isa = PBXGroup;
			children = (
				4390DB8C2E2E87A70087565B /* DID_BTCUITests.swift */,
				4390DB8E2E2E87A70087565B /* DID_BTCUITestsLaunchTests.swift */,
			);
			path = DID_BTCUITests;
			sourceTree = "<group>";
		};
		43E562302E3938AE00011BAC /* Frameworks */ = {
			isa = PBXGroup;
			children = (
				43E562332E3938EC00011BAC /* stwo_dlc_bridge.h */,
				43E562312E3938AE00011BAC /* libstwo_dlc_bridge.a */,
			);
			name = Frameworks;
			sourceTree = "<group>";
		};
/* End PBXGroup section */

/* Begin PBXNativeTarget section */
		4390DB6D2E2E87A50087565B /* DID_BTC */ = {
			isa = PBXNativeTarget;
			buildConfigurationList = 4390DB922E2E87A70087565B /* Build configuration list for PBXNativeTarget "DID_BTC" */;
			buildPhases = (
				4390DB6A2E2E87A50087565B /* Sources */,
				4390DB6B2E2E87A50087565B /* Frameworks */,
				4390DB6C2E2E87A50087565B /* Resources */,
			);
			buildRules = (
			);
			dependencies = (
			);
			name = DID_BTC;
			packageProductDependencies = (
				43FF17E32E3BDBEE005FA7BA /* P256K */,
			);
			productName = DID_BTC;
			productReference = 4390DB6E2E2E87A50087565B /* DID_BTC.app */;
			productType = "com.apple.product-type.application";
		};
		4390DB7D2E2E87A70087565B /* DID_BTCTests */ = {
			isa = PBXNativeTarget;
			buildConfigurationList = 4390DB952E2E87A70087565B /* Build configuration list for PBXNativeTarget "DID_BTCTests" */;
			buildPhases = (
				4390DB7A2E2E87A70087565B /* Sources */,
				4390DB7B2E2E87A70087565B /* Frameworks */,
				4390DB7C2E2E87A70087565B /* Resources */,
			);
			buildRules = (
			);
			dependencies = (
				4390DB802E2E87A70087565B /* PBXTargetDependency */,
			);
			name = DID_BTCTests;
			productName = DID_BTCTests;
			productReference = 4390DB7E2E2E87A70087565B /* DID_BTCTests.xctest */;
			productType = "com.apple.product-type.bundle.unit-test";
		};
		4390DB872E2E87A70087565B /* DID_BTCUITests */ = {
			isa = PBXNativeTarget;
			buildConfigurationList = 4390DB982E2E87A70087565B /* Build configuration list for PBXNativeTarget "DID_BTCUITests" */;
			buildPhases = (
				4390DB842E2E87A70087565B /* Sources */,
				4390DB852E2E87A70087565B /* Frameworks */,
				4390DB862E2E87A70087565B /* Resources */,
			);
			buildRules = (
			);
			dependencies = (
				4390DB8A2E2E87A70087565B /* PBXTargetDependency */,
			);
			name = DID_BTCUITests;
			productName = DID_BTCUITests;
			productReference = 4390DB882E2E87A70087565B /* DID_BTCUITests.xctest */;
			productType = "com.apple.product-type.bundle.ui-testing";
		};
/* End PBXNativeTarget section */

/* Begin PBXProject section */
		4390DB662E2E87A50087565B /* Project object */ = {
			isa = PBXProject;
			attributes = {
				BuildIndependentTargetsInParallel = 1;
				LastSwiftUpdateCheck = 1540;
				LastUpgradeCheck = 2600;
				TargetAttributes = {
					4390DB6D2E2E87A50087565B = {
						CreatedOnToolsVersion = 15.4;
						LastSwiftMigration = 1540;
					};
					4390DB7D2E2E87A70087565B = {
						CreatedOnToolsVersion = 15.4;
						TestTargetID = 4390DB6D2E2E87A50087565B;
					};
					4390DB872E2E87A70087565B = {
						CreatedOnToolsVersion = 15.4;
						TestTargetID = 4390DB6D2E2E87A50087565B;
					};
				};
			};
			buildConfigurationList = 4390DB692E2E87A50087565B /* Build configuration list for PBXProject "DID_BTC" */;
			compatibilityVersion = "Xcode 14.0";
			developmentRegion = en;
			hasScannedForEncodings = 0;
			knownRegions = (
				en,
				Base,
			);
			mainGroup = 4390DB652E2E87A50087565B;
			packageReferences = (
				437727872E35B9DC0075CFA6 /* XCRemoteSwiftPackageReference "swift-secp256k1" */,
			);
			productRefGroup = 4390DB6F2E2E87A50087565B /* Products */;
			projectDirPath = "";
			projectRoot = "";
			targets = (
				4390DB6D2E2E87A50087565B /* DID_BTC */,
				4390DB7D2E2E87A70087565B /* DID_BTCTests */,
				4390DB872E2E87A70087565B /* DID_BTCUITests */,
			);
		};
/* End PBXProject section */

/* Begin PBXResourcesBuildPhase section */
		4390DB6C2E2E87A50087565B /* Resources */ = {
			isa = PBXResourcesBuildPhase;
			buildActionMask = 2147483647;
			files = (
				4390DB792E2E87A70087565B /* Preview Assets.xcassets in Resources */,
				4390DB762E2E87A70087565B /* Assets.xcassets in Resources */,
			);
			runOnlyForDeploymentPostprocessing = 0;
		};
		4390DB7C2E2E87A70087565B /* Resources */ = {
			isa = PBXResourcesBuildPhase;
			buildActionMask = 2147483647;
			files = (
			);
			runOnlyForDeploymentPostprocessing = 0;
		};
		4390DB862E2E87A70087565B /* Resources */ = {
			isa = PBXResourcesBuildPhase;
			buildActionMask = 2147483647;
			files = (
			);
			runOnlyForDeploymentPostprocessing = 0;
		};
/* End PBXResourcesBuildPhase section */

/* Begin PBXSourcesBuildPhase section */
		4390DB6A2E2E87A50087565B /* Sources */ = {
			isa = PBXSourcesBuildPhase;
			buildActionMask = 2147483647;
			files = (
				4390DB742E2E87A50087565B /* ContentView.swift in Sources */,
				4390DBA02E2E89530087565B /* DID_Wallet_Manager.swift in Sources */,
			);
			runOnlyForDeploymentPostprocessing = 0;
		};
		4390DB7A2E2E87A70087565B /* Sources */ = {
			isa = PBXSourcesBuildPhase;
			buildActionMask = 2147483647;
			files = (
				4390DB832E2E87A70087565B /* DID_BTCTests.swift in Sources */,
			);
			runOnlyForDeploymentPostprocessing = 0;
		};
		4390DB842E2E87A70087565B /* Sources */ = {
			isa = PBXSourcesBuildPhase;
			buildActionMask = 2147483647;
			files = (
				4390DB8F2E2E87A70087565B /* DID_BTCUITestsLaunchTests.swift in Sources */,
				4390DB8D2E2E87A70087565B /* DID_BTCUITests.swift in Sources */,
			);
			runOnlyForDeploymentPostprocessing = 0;
		};
/* End PBXSourcesBuildPhase section */

/* Begin PBXTargetDependency section */
		4390DB802E2E87A70087565B /* PBXTargetDependency */ = {
			isa = PBXTargetDependency;
			target = 4390DB6D2E2E87A50087565B /* DID_BTC */;
			targetProxy = 4390DB7F2E2E87A70087565B /* PBXContainerItemProxy */;
		};
		4390DB8A2E2E87A70087565B /* PBXTargetDependency */ = {
			isa = PBXTargetDependency;
			target = 4390DB6D2E2E87A50087565B /* DID_BTC */;
			targetProxy = 4390DB892E2E87A70087565B /* PBXContainerItemProxy */;
		};
/* End PBXTargetDependency section */

/* Begin XCBuildConfiguration section */
		4390DB902E2E87A70087565B /* Debug */ = {
			isa = XCBuildConfiguration;
			buildSettings = {
				ALWAYS_SEARCH_USER_PATHS = NO;
				ASSETCATALOG_COMPILER_GENERATE_SWIFT_ASSET_SYMBOL_EXTENSIONS = YES;
				CLANG_ANALYZER_NONNULL = YES;
				CLANG_ANALYZER_NUMBER_OBJECT_CONVERSION = YES_AGGRESSIVE;
				CLANG_CXX_LANGUAGE_STANDARD = "gnu++20";
				CLANG_ENABLE_MODULES = YES;
				CLANG_ENABLE_OBJC_ARC = YES;
				CLANG_ENABLE_OBJC_WEAK = YES;
				CLANG_WARN_BLOCK_CAPTURE_AUTORELEASING = YES;
				CLANG_WARN_BOOL_CONVERSION = YES;
				CLANG_WARN_COMMA = YES;
				CLANG_WARN_CONSTANT_CONVERSION = YES;
				CLANG_WARN_DEPRECATED_OBJC_IMPLEMENTATIONS = YES;
				CLANG_WARN_DIRECT_OBJC_ISA_USAGE = YES_ERROR;
				CLANG_WARN_DOCUMENTATION_COMMENTS = YES;
				CLANG_WARN_EMPTY_BODY = YES;
				CLANG_WARN_ENUM_CONVERSION = YES;
				CLANG_WARN_INFINITE_RECURSION = YES;
				CLANG_WARN_INT_CONVERSION = YES;
				CLANG_WARN_NON_LITERAL_NULL_CONVERSION = YES;
				CLANG_WARN_OBJC_IMPLICIT_RETAIN_SELF = YES;
				CLANG_WARN_OBJC_LITERAL_CONVERSION = YES;
				CLANG_WARN_OBJC_ROOT_CLASS = YES_ERROR;
				CLANG_WARN_QUOTED_INCLUDE_IN_FRAMEWORK_HEADER = YES;
				CLANG_WARN_RANGE_LOOP_ANALYSIS = YES;
				CLANG_WARN_STRICT_PROTOTYPES = YES;
				CLANG_WARN_SUSPICIOUS_MOVE = YES;
				CLANG_WARN_UNGUARDED_AVAILABILITY = YES_AGGRESSIVE;
				CLANG_WARN_UNREACHABLE_CODE = YES;
				CLANG_WARN__DUPLICATE_METHOD_MATCH = YES;
				CODE_SIGN_INJECT_BASE_ENTITLEMENTS = NO;
				COPY_PHASE_STRIP = NO;
				DEBUG_INFORMATION_FORMAT = dwarf;
				DOCC_EXTRACT_SWIFT_INFO_FOR_OBJC_SYMBOLS = NO;
				ENABLE_STRICT_OBJC_MSGSEND = YES;
				ENABLE_TESTABILITY = YES;
				ENABLE_USER_SCRIPT_SANDBOXING = YES;
				GCC_C_LANGUAGE_STANDARD = gnu17;
				GCC_DYNAMIC_NO_PIC = NO;
				GCC_NO_COMMON_BLOCKS = YES;
				GCC_OPTIMIZATION_LEVEL = 0;
				GCC_PREPROCESSOR_DEFINITIONS = (
					"DEBUG=1",
					"$(inherited)",
				);
				GCC_WARN_64_TO_32_BIT_CONVERSION = YES;
				GCC_WARN_ABOUT_RETURN_TYPE = YES_ERROR;
				GCC_WARN_UNDECLARED_SELECTOR = YES;
				GCC_WARN_UNINITIALIZED_AUTOS = YES_AGGRESSIVE;
				GCC_WARN_UNUSED_FUNCTION = YES;
				GCC_WARN_UNUSED_VARIABLE = YES;
				IPHONEOS_DEPLOYMENT_TARGET = 17.5;
				LOCALIZATION_PREFERS_STRING_CATALOGS = YES;
				MERGED_BINARY_TYPE = none;
				MTL_ENABLE_DEBUG_INFO = INCLUDE_SOURCE;
				MTL_FAST_MATH = YES;
				ONLY_ACTIVE_ARCH = YES;
				SDKROOT = iphoneos;
				STRING_CATALOG_GENERATE_SYMBOLS = YES;
				SWIFT_ACTIVE_COMPILATION_CONDITIONS = "DEBUG $(inherited)";
				SWIFT_OBJC_BRIDGING_HEADER = "DID_BTC/DID_BTC-Bridging-Header.h";
				SWIFT_OBJC_INTEROP_MODE = objc;
				SWIFT_OPTIMIZATION_LEVEL = "-Onone";
				"SWIFT_PRECOMPILE_BRIDGING_HEADER[arch=*]" = YES;
			};
			name = Debug;
		};
		4390DB912E2E87A70087565B /* Release */ = {
			isa = XCBuildConfiguration;
			buildSettings = {
				ALWAYS_SEARCH_USER_PATHS = NO;
				ASSETCATALOG_COMPILER_GENERATE_SWIFT_ASSET_SYMBOL_EXTENSIONS = YES;
				CLANG_ANALYZER_NONNULL = YES;
				CLANG_ANALYZER_NUMBER_OBJECT_CONVERSION = YES_AGGRESSIVE;
				CLANG_CXX_LANGUAGE_STANDARD = "gnu++20";
				CLANG_ENABLE_MODULES = YES;
				CLANG_ENABLE_OBJC_ARC = YES;
				CLANG_ENABLE_OBJC_WEAK = YES;
				CLANG_WARN_BLOCK_CAPTURE_AUTORELEASING = YES;
				CLANG_WARN_BOOL_CONVERSION = YES;
				CLANG_WARN_COMMA = YES;
				CLANG_WARN_CONSTANT_CONVERSION = YES;
				CLANG_WARN_DEPRECATED_OBJC_IMPLEMENTATIONS = YES;
				CLANG_WARN_DIRECT_OBJC_ISA_USAGE = YES_ERROR;
				CLANG_WARN_DOCUMENTATION_COMMENTS = YES;
				CLANG_WARN_EMPTY_BODY = YES;
				CLANG_WARN_ENUM_CONVERSION = YES;
				CLANG_WARN_INFINITE_RECURSION = YES;
				CLANG_WARN_INT_CONVERSION = YES;
				CLANG_WARN_NON_LITERAL_NULL_CONVERSION = YES;
				CLANG_WARN_OBJC_IMPLICIT_RETAIN_SELF = YES;
				CLANG_WARN_OBJC_LITERAL_CONVERSION = YES;
				CLANG_WARN_OBJC_ROOT_CLASS = YES_ERROR;
				CLANG_WARN_QUOTED_INCLUDE_IN_FRAMEWORK_HEADER = YES;
				CLANG_WARN_RANGE_LOOP_ANALYSIS = YES;
				CLANG_WARN_STRICT_PROTOTYPES = YES;
				CLANG_WARN_SUSPICIOUS_MOVE = YES;
				CLANG_WARN_UNGUARDED_AVAILABILITY = YES_AGGRESSIVE;
				CLANG_WARN_UNREACHABLE_CODE = YES;
				CLANG_WARN__DUPLICATE_METHOD_MATCH = YES;
				CODE_SIGN_INJECT_BASE_ENTITLEMENTS = NO;
				COPY_PHASE_STRIP = NO;
				DEBUG_INFORMATION_FORMAT = "dwarf-with-dsym";
				DOCC_EXTRACT_SWIFT_INFO_FOR_OBJC_SYMBOLS = NO;
				ENABLE_NS_ASSERTIONS = NO;
				ENABLE_STRICT_OBJC_MSGSEND = YES;
				ENABLE_USER_SCRIPT_SANDBOXING = YES;
				GCC_C_LANGUAGE_STANDARD = gnu17;
				GCC_NO_COMMON_BLOCKS = YES;
				GCC_WARN_64_TO_32_BIT_CONVERSION = YES;
				GCC_WARN_ABOUT_RETURN_TYPE = YES_ERROR;
				GCC_WARN_UNDECLARED_SELECTOR = YES;
				GCC_WARN_UNINITIALIZED_AUTOS = YES_AGGRESSIVE;
				GCC_WARN_UNUSED_FUNCTION = YES;
				GCC_WARN_UNUSED_VARIABLE = YES;
				IPHONEOS_DEPLOYMENT_TARGET = 17.5;
				LOCALIZATION_PREFERS_STRING_CATALOGS = YES;
				MERGED_BINARY_TYPE = none;
				MTL_ENABLE_DEBUG_INFO = NO;
				MTL_FAST_MATH = YES;
				SDKROOT = iphoneos;
				STRING_CATALOG_GENERATE_SYMBOLS = YES;
				SWIFT_COMPILATION_MODE = wholemodule;
				SWIFT_OBJC_BRIDGING_HEADER = "DID_BTC/DID_BTC-Bridging-Header.h";
				SWIFT_OBJC_INTEROP_MODE = objc;
				"SWIFT_PRECOMPILE_BRIDGING_HEADER[arch=*]" = YES;
				VALIDATE_PRODUCT = YES;
			};
			name = Release;
		};
		4390DB932E2E87A70087565B /* Debug */ = {
			isa = XCBuildConfiguration;
			buildSettings = {
				ASSETCATALOG_COMPILER_APPICON_NAME = AppIcon;
				ASSETCATALOG_COMPILER_GLOBAL_ACCENT_COLOR_NAME = AccentColor;
				CLANG_ENABLE_MODULES = YES;
				CODE_SIGN_ENTITLEMENTS = DID_BTC/DID_BTC.entitlements;
				CODE_SIGN_STYLE = Automatic;
				CURRENT_PROJECT_VERSION = 1;
				DEVELOPMENT_ASSET_PATHS = "\"DID_BTC/Preview Content\"";
				ENABLE_PREVIEWS = YES;
				GENERATE_INFOPLIST_FILE = YES;
				INFOPLIST_KEY_UIApplicationSceneManifest_Generation = YES;
				INFOPLIST_KEY_UIApplicationSupportsIndirectInputEvents = YES;
				INFOPLIST_KEY_UILaunchScreen_Generation = YES;
				INFOPLIST_KEY_UISupportedInterfaceOrientations_iPad = "UIInterfaceOrientationPortrait UIInterfaceOrientationPortraitUpsideDown UIInterfaceOrientationLandscapeLeft UIInterfaceOrientationLandscapeRight";
				INFOPLIST_KEY_UISupportedInterfaceOrientations_iPhone = "UIInterfaceOrientationPortrait UIInterfaceOrientationLandscapeLeft UIInterfaceOrientationLandscapeRight";
				LD_RUNPATH_SEARCH_PATHS = (
					"$(inherited)",
					"@executable_path/Frameworks",
				);
				LIBRARY_SEARCH_PATHS = (
					"$(inherited)",
					"$(PROJECT_DIR)",
					"$(PROJECT_DIR)/DID_BTC",
				);
				MARKETING_VERSION = 1.0;
				OTHER_LDFLAGS = "-lc++";
				"OTHER_LDFLAGS[arch=*]" = "-lc++";
				PRODUCT_BUNDLE_IDENTIFIER = "Privacy-Lion.DID-BTC";
				PRODUCT_NAME = "$(TARGET_NAME)";
				SWIFT_EMIT_LOC_STRINGS = YES;
				SWIFT_OBJC_BRIDGING_HEADER = "DID_BTC/DID_BTC-Bridging-Header.h";
				SWIFT_OPTIMIZATION_LEVEL = "-Onone";
				SWIFT_VERSION = 5.0;
				TARGETED_DEVICE_FAMILY = "1,2";
			};
			name = Debug;
		};
		4390DB942E2E87A70087565B /* Release */ = {
			isa = XCBuildConfiguration;
			buildSettings = {
				ASSETCATALOG_COMPILER_APPICON_NAME = AppIcon;
				ASSETCATALOG_COMPILER_GLOBAL_ACCENT_COLOR_NAME = AccentColor;
				CLANG_ENABLE_MODULES = YES;
				CODE_SIGN_ENTITLEMENTS = DID_BTC/DID_BTC.entitlements;
				CODE_SIGN_STYLE = Automatic;
				CURRENT_PROJECT_VERSION = 1;
				DEVELOPMENT_ASSET_PATHS = "\"DID_BTC/Preview Content\"";
				ENABLE_PREVIEWS = YES;
				GENERATE_INFOPLIST_FILE = YES;
				INFOPLIST_KEY_UIApplicationSceneManifest_Generation = YES;
				INFOPLIST_KEY_UIApplicationSupportsIndirectInputEvents = YES;
				INFOPLIST_KEY_UILaunchScreen_Generation = YES;
				INFOPLIST_KEY_UISupportedInterfaceOrientations_iPad = "UIInterfaceOrientationPortrait UIInterfaceOrientationPortraitUpsideDown UIInterfaceOrientationLandscapeLeft UIInterfaceOrientationLandscapeRight";
				INFOPLIST_KEY_UISupportedInterfaceOrientations_iPhone = "UIInterfaceOrientationPortrait UIInterfaceOrientationLandscapeLeft UIInterfaceOrientationLandscapeRight";
				LD_RUNPATH_SEARCH_PATHS = (
					"$(inherited)",
					"@executable_path/Frameworks",
				);
				LIBRARY_SEARCH_PATHS = (
					"$(inherited)",
					"$(PROJECT_DIR)",
					"$(PROJECT_DIR)/DID_BTC",
				);
				MARKETING_VERSION = 1.0;
				OTHER_LDFLAGS = "-lc++";
				"OTHER_LDFLAGS[arch=*]" = "-lc++";
				PRODUCT_BUNDLE_IDENTIFIER = "Privacy-Lion.DID-BTC";
				PRODUCT_NAME = "$(TARGET_NAME)";
				SWIFT_EMIT_LOC_STRINGS = YES;
				SWIFT_OBJC_BRIDGING_HEADER = "DID_BTC/DID_BTC-Bridging-Header.h";
				SWIFT_VERSION = 5.0;
				TARGETED_DEVICE_FAMILY = "1,2";
			};
			name = Release;
		};
		4390DB962E2E87A70087565B /* Debug */ = {
			isa = XCBuildConfiguration;
			buildSettings = {
				BUNDLE_LOADER = "$(TEST_HOST)";
				CODE_SIGN_STYLE = Automatic;
				CURRENT_PROJECT_VERSION = 1;
				GENERATE_INFOPLIST_FILE = YES;
				IPHONEOS_DEPLOYMENT_TARGET = 17.5;
				MARKETING_VERSION = 1.0;
				PRODUCT_BUNDLE_IDENTIFIER = "Privacy-Lion.DID-BTCTests";
				PRODUCT_NAME = "$(TARGET_NAME)";
				SWIFT_EMIT_LOC_STRINGS = NO;
				SWIFT_VERSION = 5.0;
				TARGETED_DEVICE_FAMILY = "1,2";
				TEST_HOST = "$(BUILT_PRODUCTS_DIR)/DID_BTC.app/$(BUNDLE_EXECUTABLE_FOLDER_PATH)/DID_BTC";
			};
			name = Debug;
		};
		4390DB972E2E87A70087565B /* Release */ = {
			isa = XCBuildConfiguration;
			buildSettings = {
				BUNDLE_LOADER = "$(TEST_HOST)";
				CODE_SIGN_STYLE = Automatic;
				CURRENT_PROJECT_VERSION = 1;
				GENERATE_INFOPLIST_FILE = YES;
				IPHONEOS_DEPLOYMENT_TARGET = 17.5;
				MARKETING_VERSION = 1.0;
				PRODUCT_BUNDLE_IDENTIFIER = "Privacy-Lion.DID-BTCTests";
				PRODUCT_NAME = "$(TARGET_NAME)";
				SWIFT_EMIT_LOC_STRINGS = NO;
				SWIFT_VERSION = 5.0;
				TARGETED_DEVICE_FAMILY = "1,2";
				TEST_HOST = "$(BUILT_PRODUCTS_DIR)/DID_BTC.app/$(BUNDLE_EXECUTABLE_FOLDER_PATH)/DID_BTC";
			};
			name = Release;
		};
		4390DB992E2E87A70087565B /* Debug */ = {
			isa = XCBuildConfiguration;
			buildSettings = {
				CODE_SIGN_STYLE = Automatic;
				CURRENT_PROJECT_VERSION = 1;
				GENERATE_INFOPLIST_FILE = YES;
				MARKETING_VERSION = 1.0;
				PRODUCT_BUNDLE_IDENTIFIER = "Privacy-Lion.DID-BTCUITests";
				PRODUCT_NAME = "$(TARGET_NAME)";
				SWIFT_EMIT_LOC_STRINGS = NO;
				SWIFT_VERSION = 5.0;
				TARGETED_DEVICE_FAMILY = "1,2";
				TEST_TARGET_NAME = DID_BTC;
			};
			name = Debug;
		};
		4390DB9A2E2E87A70087565B /* Release */ = {
			isa = XCBuildConfiguration;
			buildSettings = {
				CODE_SIGN_STYLE = Automatic;
				CURRENT_PROJECT_VERSION = 1;
				GENERATE_INFOPLIST_FILE = YES;
				MARKETING_VERSION = 1.0;
				PRODUCT_BUNDLE_IDENTIFIER = "Privacy-Lion.DID-BTCUITests";
				PRODUCT_NAME = "$(TARGET_NAME)";
				SWIFT_EMIT_LOC_STRINGS = NO;
				SWIFT_VERSION = 5.0;
				TARGETED_DEVICE_FAMILY = "1,2";
				TEST_TARGET_NAME = DID_BTC;
			};
			name = Release;
		};
/* End XCBuildConfiguration section */

/* Begin XCConfigurationList section */
		4390DB692E2E87A50087565B /* Build configuration list for PBXProject "DID_BTC" */ = {
			isa = XCConfigurationList;
			buildConfigurations = (
				4390DB902E2E87A70087565B /* Debug */,
				4390DB912E2E87A70087565B /* Release */,
			);
			defaultConfigurationIsVisible = 0;
			defaultConfigurationName = Release;
		};
		4390DB922E2E87A70087565B /* Build configuration list for PBXNativeTarget "DID_BTC" */ = {
			isa = XCConfigurationList;
			buildConfigurations = (
				4390DB932E2E87A70087565B /* Debug */,
				4390DB942E2E87A70087565B /* Release */,
			);
			defaultConfigurationIsVisible = 0;
			defaultConfigurationName = Release;
		};
		4390DB952E2E87A70087565B /* Build configuration list for PBXNativeTarget "DID_BTCTests" */ = {
			isa = XCConfigurationList;
			buildConfigurations = (
				4390DB962E2E87A70087565B /* Debug */,
				4390DB972E2E87A70087565B /* Release */,
			);
			defaultConfigurationIsVisible = 0;
			defaultConfigurationName = Release;
		};
		4390DB982E2E87A70087565B /* Build configuration list for PBXNativeTarget "DID_BTCUITests" */ = {
			isa = XCConfigurationList;
			buildConfigurations = (
				4390DB992E2E87A70087565B /* Debug */,
				4390DB9A2E2E87A70087565B /* Release */,
			);
			defaultConfigurationIsVisible = 0;
			defaultConfigurationName = Release;
		};
/* End XCConfigurationList section */

/* Begin XCRemoteSwiftPackageReference section */
		437727872E35B9DC0075CFA6 /* XCRemoteSwiftPackageReference "swift-secp256k1" */ = {
			isa = XCRemoteSwiftPackageReference;
			repositoryURL = "https://github.com/21-DOT-DEV/swift-secp256k1.git";
			requirement = {
				kind = upToNextMajorVersion;
				minimumVersion = 0.21.1;
			};
		};
/* End XCRemoteSwiftPackageReference section */

/* Begin XCSwiftPackageProductDependency section */
		43FF17E32E3BDBEE005FA7BA /* P256K */ = {
			isa = XCSwiftPackageProductDependency;
			package = 437727872E35B9DC0075CFA6 /* XCRemoteSwiftPackageReference "swift-secp256k1" */;
			productName = P256K;
		};
/* End XCSwiftPackageProductDependency section */
	};
	rootObject = 4390DB662E2E87A50087565B /* Project object */;
}
